
Microsoft Visual Studio Solution File, Format Version 12.00
# Visual Studio Version 17
VisualStudioVersion = 17.2.32516.85
MinimumVisualStudioVersion = 10.0.40219.1
Project("{9A19103F-16F7-4668-BE54-9A1E7A4F7556}") = "Blazor", "Blazor\Blazor.csproj", "{C099780E-8E77-4E54-A7CF-39BCD4440D40}"
EndProject
Project("{9A19103F-16F7-4668-BE54-9A1E7A4F7556}") = "Modelos", "Modelos\Modelos.csproj", "{7A19ADCC-DD8D-49DB-BE11-835F6C1A796D}"
EndProject
Project("{9A19103F-16F7-4668-BE54-9A1E7A4F7556}") = "Datos", "Datos\Datos.csproj", "{5BD53D7D-4BE1-4EC5-AB1A-C97FBA4D24EB}"
EndProject
Global
	GlobalSection(SolutionConfigurationPlatforms) = preSolution
		Debug|Any CPU = Debug|Any CPU
		Release|Any CPU = Release|Any CPU
	EndGlobalSection
	GlobalSection(ProjectConfigurationPlatforms) = postSolution
		{C099780E-8E77-4E54-A7CF-39BCD4440D40}.Debug|Any CPU.ActiveCfg = Debug|Any CPU
		{C099780E-8E77-4E54-A7CF-39BCD4440D40}.Debug|Any CPU.Build.0 = Debug|Any CPU
		{C099780E-8E77-4E54-A7CF-39BCD4440D40}.Release|Any CPU.ActiveCfg = Release|Any CPU
		{C099780E-8E77-4E54-A7CF-39BCD4440D40}.Release|Any CPU.Build.0 = Release|Any CPU
		{7A19ADCC-DD8D-49DB-BE11-835F6C1A796D}.Debug|Any CPU.ActiveCfg = Debug|Any CPU
		{7A19ADCC-DD8D-49DB-BE11-835F6C1A796D}.Debug|Any CPU.Build.0 = Debug|Any CPU
		{7A19ADCC-DD8D-49DB-BE11-835F6C1A796D}.Release|Any CPU.ActiveCfg = Release|Any CPU
		{7A19ADCC-DD8D-49DB-BE11-835F6C1A796D}.Release|Any CPU.Build.0 = Release|Any CPU
		{5BD53D7D-4BE1-4EC5-AB1A-C97FBA4D24EB}.Debug|Any CPU.ActiveCfg = Debug|Any CPU
		{5BD53D7D-4BE1-4EC5-AB1A-C97FBA4D24EB}.Debug|Any CPU.Build.0 = Debug|Any CPU
		{5BD53D7D-4BE1-4EC5-AB1A-C97FBA4D24EB}.Release|Any CPU.ActiveCfg = Release|Any CPU
		{5BD53D7D-4BE1-4EC5-AB1A-C97FBA4D24EB}.Release|Any CPU.Build.0 = Release|Any CPU
	EndGlobalSection
	GlobalSection(SolutionProperties) = preSolution
		HideSolutionNode = FALSE
	EndGlobalSection
	GlobalSection(ExtensibilityGlobals) = postSolution
		SolutionGuid = {B658C649-FF89-4D6C-BD35-B85D28D09DEE}
	EndGlobalSection
EndGlobal
